Microsoft Visual Studio Solution File, Format Version 12.00
# Visual Studio Version 17
VisualStudioVersion = 17.5.2.0
MinimumVisualStudioVersion = 10.0.40219.1
Project("{FAE04EC0-301F-11D3-BF4B-00C04F79EFBC}") = "SocialNetworkApp", "SocialNetworkApp.csproj", "{084D25FE-C4B3-622C-8073-0F94F5B1F147}"
EndProject
Global
	GlobalSection(SolutionConfigurationPlatforms) = preSolution
		Debug|Any CPU = Debug|Any CPU
		Release|Any CPU = Release|Any CPU
	EndGlobalSection
	GlobalSection(ProjectConfigurationPlatforms) = postSolution
		{084D25FE-C4B3-622C-8073-0F94F5B1F147}.Debug|Any CPU.ActiveCfg = Debug|Any CPU
		{084D25FE-C4B3-622C-8073-0F94F5B1F147}.Debug|Any CPU.Build.0 = Debug|Any CPU
		{084D25FE-C4B3-622C-8073-0F94F5B1F147}.Release|Any CPU.ActiveCfg = Release|Any CPU
		{084D25FE-C4B3-622C-8073-0F94F5B1F147}.Release|Any CPU.Build.0 = Release|Any CPU
	EndGlobalSection
	GlobalSection(SolutionProperties) = preSolution
		HideSolutionNode = FALSE
	EndGlobalSection
	GlobalSection(ExtensibilityGlobals) = postSolution
		SolutionGuid = {DAB10A1E-6BA0-419D-BB5A-6F888C35E786}
	EndGlobalSection
EndGlobal
